{
  "name": "mkwc",
  "version": "0.1.0",
  "lockfileVersion": 2,
  "requires": true,
  "packages": {
    "": {
      "name": "mkwc",
      "version": "0.1.0",
      "dependencies": {
        "@ckeditor/ckeditor5-build-inline": "git+https://github.com/kownacki/ckeditor5-build-inline.git#stable",
        "lodash-es": "^4.17.21",
        "material-colors": "^1.2.6",
        "mk-frontend-web-utils": "git+https://github.com/kownacki/mk-frontend-web-utils.git#master",
        "mk-js-utils": "git+https://github.com/kownacki/mk-js-utils.git#master"
      },
      "peerDependencies": {
        "@material/mwc-button": "^0.25.3",
        "@material/mwc-icon-button": "^0.25.3",
        "lit": "^2.2.0"
      }
    },
    "node_modules/@ckeditor/ckeditor5-build-inline": {
      "version": "16.0.0",
      "resolved": "git+ssh://git@github.com/kownacki/ckeditor5-build-inline.git#af7fc8ae57a8c00a97b3bd7b0fac4edfc2d15bb4",
      "license": "GPL-2.0-or-later",
      "engines": {
        "node": ">=8.0.0",
        "npm": ">=5.7.1"
      }
    },
    "node_modules/@lit/reactive-element": {
      "version": "1.3.0",
      "resolved": "https://registry.npmjs.org/@lit/reactive-element/-/reactive-element-1.3.0.tgz",
      "integrity": "sha512-0TKSIuJHXNLM0k98fi0AdMIdUoHIYlDHTP+0Vruc2SOs4T6vU1FinXgSvYd8mSrkt+8R+qdRAXvjpqrMXMyBgw==",
      "peer": true
    },
    "node_modules/@material/animation": {
      "version": "14.0.0-canary.261f2db59.0",
      "resolved": "https://registry.npmjs.org/@material/animation/-/animation-14.0.0-canary.261f2db59.0.tgz",
      "integrity": "sha512-OjxWJYSRNs4vnPe8NclaNn+TsNc8TR/wHusGtezF5F+wl+5mh+K69BMXAmURtq3idoRg4XaOSC/Ohk1ovD1fMQ==",
      "peer": true,
      "dependencies": {
        "tslib": "^2.1.0"
      }
    },
    "node_modules/@material/base": {
      "version": "14.0.0-canary.261f2db59.0",
      "resolved": "https://registry.npmjs.org/@material/base/-/base-14.0.0-canary.261f2db59.0.tgz",
      "integrity": "sha512-vy5SQt+jcwwdRFfBvtpVdpULUBujecVUKOXcopaQoi2XIzI5EBHuR4gPN0cd1yfmVEucD6p2fvVv2FJ3Ngr61w==",
      "peer": true,
      "dependencies": {
        "tslib": "^2.1.0"
      }
    },
    "node_modules/@material/dom": {
      "version": "14.0.0-canary.261f2db59.0",
      "resolved": "https://registry.npmjs.org/@material/dom/-/dom-14.0.0-canary.261f2db59.0.tgz",
      "integrity": "sha512-iUpZG6Bb2l/PfNV2Fb/pXfG1p4Bz4PC9A7ATPlKfcU5HioObcnYVc/+Hrtaw8eu28BNIc+VVROtbfpqG/YgKSQ==",
      "peer": true,
      "dependencies": {
        "@material/feature-targeting": "14.0.0-canary.261f2db59.0",
        "tslib": "^2.1.0"
      }
    },
    "node_modules/@material/feature-targeting": {
      "version": "14.0.0-canary.261f2db59.0",
      "resolved": "https://registry.npmjs.org/@material/feature-targeting/-/feature-targeting-14.0.0-canary.261f2db59.0.tgz",
      "integrity": "sha512-CrVoGNu0ym52OPEKy3kgeNL2oSWOCBYbYxSH3GhERxCq5FwGBN+XmK/ZDLFVQlHYy3v8x4TqVEwXviCeumNTxQ==",
      "peer": true,
      "dependencies": {
        "tslib": "^2.1.0"
      }
    },
    "node_modules/@material/mwc-base": {
      "version": "0.25.3",
      "resolved": "https://registry.npmjs.org/@material/mwc-base/-/mwc-base-0.25.3.tgz",
      "integrity": "sha512-4wvxZ9dhPr0O4jjOHPmFyn77pafe+h1gHPlT9sbQ+ly8NY/fSn/TXn7/PbxgL8g4ZHxMvD3o7PJopg+6cbHp8Q==",
      "peer": true,
      "dependencies": {
        "@lit/reactive-element": "1.0.0-rc.4",
        "@material/base": "=14.0.0-canary.261f2db59.0",
        "@material/dom": "=14.0.0-canary.261f2db59.0",
        "lit": "^2.0.0",
        "tslib": "^2.0.1"
      }
    },
    "node_modules/@material/mwc-base/node_modules/@lit/reactive-element": {
      "version": "1.0.0-rc.4",
      "resolved": "https://registry.npmjs.org/@lit/reactive-element/-/reactive-element-1.0.0-rc.4.tgz",
      "integrity": "sha512-dJMha+4NFYdpnUJzRrWTFV5Hdp9QHWFuPnaoqonrKl4lGJVnYez9mu8ev9F/5KM47tjAjh22DuRHrdFDHfOijA==",
      "peer": true
    },
    "node_modules/@material/mwc-button": {
      "version": "0.25.3",
      "resolved": "https://registry.npmjs.org/@material/mwc-button/-/mwc-button-0.25.3.tgz",
      "integrity": "sha512-usHEKchj9hqetY7n0yebTz1Pk9Z+9W/sNZheFoSaiWQCv9XhtCdKkHH0MXTv8SpwxWuEKUf/XjtyvikGIcIn7w==",
      "peer": true,
      "dependencies": {
        "@material/mwc-icon": "^0.25.3",
        "@material/mwc-ripple": "^0.25.3",
        "lit": "^2.0.0",
        "tslib": "^2.0.1"
      }
    },
    "node_modules/@material/mwc-icon": {
      "version": "0.25.3",
      "resolved": "https://registry.npmjs.org/@material/mwc-icon/-/mwc-icon-0.25.3.tgz",
      "integrity": "sha512-36076AWZIRSr8qYOLjuDDkxej/HA0XAosrj7TS1ZeLlUBnLUtbDtvc1S7KSa0hqez7ouzOqGaWK24yoNnTa2OA==",
      "peer": true,
      "dependencies": {
        "lit": "^2.0.0",
        "tslib": "^2.0.1"
      }
    },
    "node_modules/@material/mwc-icon-button": {
      "version": "0.25.3",
      "resolved": "https://registry.npmjs.org/@material/mwc-icon-button/-/mwc-icon-button-0.25.3.tgz",
      "integrity": "sha512-FexkMpK3ZSHh7NF+PIqvVhvAbBOgFDYPck/lqnxIDC3VGJ0rjD/1MqevDy2fY6IcHGlc8Ai7VuYbdQ6Cvw8WcQ==",
      "peer": true,
      "dependencies": {
        "@material/mwc-ripple": "^0.25.3",
        "lit": "^2.0.0",
        "tslib": "^2.0.1"
      }
    },
    "node_modules/@material/mwc-ripple": {
      "version": "0.25.3",
      "resolved": "https://registry.npmjs.org/@material/mwc-ripple/-/mwc-ripple-0.25.3.tgz",
      "integrity": "sha512-G/gt/csxgME6/sAku3GiuB0O2LLvoPWsRTLq/9iABpaGLJjqaKHvNg/IVzNDdF3YZT7EORgR9cBWWl7umA4i4Q==",
      "peer": true,
      "dependencies": {
        "@material/dom": "=14.0.0-canary.261f2db59.0",
        "@material/mwc-base": "^0.25.3",
        "@material/ripple": "=14.0.0-canary.261f2db59.0",
        "lit": "^2.0.0",
        "tslib": "^2.0.1"
      }
    },
    "node_modules/@material/ripple": {
      "version": "14.0.0-canary.261f2db59.0",
      "resolved": "https://registry.npmjs.org/@material/ripple/-/ripple-14.0.0-canary.261f2db59.0.tgz",
      "integrity": "sha512-3FLCLj8X7KrFfuYBHJg1b7Odb3V/AW7fxk3m1i1zhDnygKmlQ/abVucH1s2qbX3Y+JIiq+5/C5407h9BFtOf+A==",
      "peer": true,
      "dependencies": {
        "@material/animation": "14.0.0-canary.261f2db59.0",
        "@material/base": "14.0.0-canary.261f2db59.0",
        "@material/dom": "14.0.0-canary.261f2db59.0",
        "@material/feature-targeting": "14.0.0-canary.261f2db59.0",
        "@material/rtl": "14.0.0-canary.261f2db59.0",
        "@material/theme": "14.0.0-canary.261f2db59.0",
        "tslib": "^2.1.0"
      }
    },
    "node_modules/@material/rtl": {
      "version": "14.0.0-canary.261f2db59.0",
      "resolved": "https://registry.npmjs.org/@material/rtl/-/rtl-14.0.0-canary.261f2db59.0.tgz",
      "integrity": "sha512-bVnXBbUsHs57+EXdeFbcwaKy3lT/itI/qTLmJ88ar0qaGEujO1GmESHm3ioqkeo4kQpTfDhBwQGeEi1aDaTdFg==",
      "peer": true,
      "dependencies": {
        "@material/theme": "14.0.0-canary.261f2db59.0",
        "tslib": "^2.1.0"
      }
    },
    "node_modules/@material/theme": {
      "version": "14.0.0-canary.261f2db59.0",
      "resolved": "https://registry.npmjs.org/@material/theme/-/theme-14.0.0-canary.261f2db59.0.tgz",
      "integrity": "sha512-bUqyFT0QF8Nxx02fekt3CXIfC9DEPOPdo2hjgdtvhrNP+vftbkI2tKZ5/uRUnVA+zqQAOyIl5z6FOMg4fyemCA==",
      "peer": true,
      "dependencies": {
        "@material/feature-targeting": "14.0.0-canary.261f2db59.0",
        "tslib": "^2.1.0"
      }
    },
    "node_modules/@types/trusted-types": {
      "version": "2.0.2",
      "resolved": "https://registry.npmjs.org/@types/trusted-types/-/trusted-types-2.0.2.tgz",
      "integrity": "sha512-F5DIZ36YVLE+PN+Zwws4kJogq47hNgX3Nx6WyDJ3kcplxyke3XIzB8uK5n/Lpm1HBsbGzd6nmGehL8cPekP+Tg==",
      "peer": true
    },
    "node_modules/lit": {
      "version": "2.2.0",
      "resolved": "https://registry.npmjs.org/lit/-/lit-2.2.0.tgz",
      "integrity": "sha512-FDyxUuczo6cJJY/2Bkgfh1872U4ikUvmK1Cb6+lYC1CW+QOo8CaWXCpvPKFzYsz0ojUxoruBLVrECc7VI2f1dQ==",
      "peer": true,
      "dependencies": {
        "@lit/reactive-element": "^1.3.0",
        "lit-element": "^3.2.0",
        "lit-html": "^2.2.0"
      }
    },
    "node_modules/lit-element": {
      "version": "3.2.0",
      "resolved": "https://registry.npmjs.org/lit-element/-/lit-element-3.2.0.tgz",
      "integrity": "sha512-HbE7yt2SnUtg5DCrWt028oaU4D5F4k/1cntAFHTkzY8ZIa8N0Wmu92PxSxucsQSOXlODFrICkQ5x/tEshKi13g==",
      "peer": true,
      "dependencies": {
        "@lit/reactive-element": "^1.3.0",
        "lit-html": "^2.2.0"
      }
    },
    "node_modules/lit-html": {
      "version": "2.2.0",
      "resolved": "https://registry.npmjs.org/lit-html/-/lit-html-2.2.0.tgz",
      "integrity": "sha512-dJnevgV8VkCuOXLWrjQopDE8nSy8CzipZ/ATfYQv7z7Dct4abblcKecf50gkIScuwCTzKvRLgvTgV0zzagW4gA==",
      "peer": true,
      "dependencies": {
        "@types/trusted-types": "^2.0.2"
      }
    },
    "node_modules/lodash-es": {
      "version": "4.17.21",
      "resolved": "https://registry.npmjs.org/lodash-es/-/lodash-es-4.17.21.tgz",
      "integrity": "sha512-mKnC+QJ9pWVzv+C4/U3rRsHapFfHvQFoFB92e52xeyGMcX6/OlIl78je1u8vePzYZSkkogMPJ2yjxxsb89cxyw=="
    },
    "node_modules/material-colors": {
      "version": "1.2.6",
      "resolved": "https://registry.npmjs.org/material-colors/-/material-colors-1.2.6.tgz",
      "integrity": "sha512-6qE4B9deFBIa9YSpOc9O0Sgc43zTeVYbgDT5veRKSlB2+ZuHNoVVxA1L/ckMUayV9Ay9y7Z/SZCLcGteW9i7bg=="
    },
    "node_modules/mk-frontend-web-utils": {
      "version": "0.1.0",
      "resolved": "git+ssh://git@github.com/kownacki/mk-frontend-web-utils.git#d16ea825534753498d94ab205b651d95699df642",
      "dependencies": {
        "mk-js-utils": "git+https://github.com/kownacki/mk-js-utils.git#master"
      },
      "engines": {
        "node": ">=16",
        "npm": ">=8"
      }
    },
    "node_modules/mk-js-utils": {
      "version": "0.1.0",
      "resolved": "git+ssh://git@github.com/kownacki/mk-js-utils.git#1281800d5717c50e5bf503f26580d2a264f6be8b"
    },
    "node_modules/tslib": {
      "version": "2.3.1",
      "resolved": "https://registry.npmjs.org/tslib/-/tslib-2.3.1.tgz",
      "integrity": "sha512-77EbyPPpMz+FRFRuAFlWMtmgUWGe9UOG2Z25NqCwiIjRhOf5iKGuzSe5P2w1laq+FkRy4p+PCuVkJSGkzTEKVw==",
      "peer": true
    }
  },
  "dependencies": {
    "@ckeditor/ckeditor5-build-inline": {
      "version": "git+ssh://git@github.com/kownacki/ckeditor5-build-inline.git#af7fc8ae57a8c00a97b3bd7b0fac4edfc2d15bb4",
      "from": "@ckeditor/ckeditor5-build-inline@git+https://github.com/kownacki/ckeditor5-build-inline.git#stable"
    },
    "@lit/reactive-element": {
      "version": "1.3.0",
      "resolved": "https://registry.npmjs.org/@lit/reactive-element/-/reactive-element-1.3.0.tgz",
      "integrity": "sha512-0TKSIuJHXNLM0k98fi0AdMIdUoHIYlDHTP+0Vruc2SOs4T6vU1FinXgSvYd8mSrkt+8R+qdRAXvjpqrMXMyBgw==",
      "peer": true
    },
    "@material/animation": {
      "version": "14.0.0-canary.261f2db59.0",
      "resolved": "https://registry.npmjs.org/@material/animation/-/animation-14.0.0-canary.261f2db59.0.tgz",
      "integrity": "sha512-OjxWJYSRNs4vnPe8NclaNn+TsNc8TR/wHusGtezF5F+wl+5mh+K69BMXAmURtq3idoRg4XaOSC/Ohk1ovD1fMQ==",
      "peer": true,
      "requires": {
        "tslib": "^2.1.0"
      }
    },
    "@material/base": {
      "version": "14.0.0-canary.261f2db59.0",
      "resolved": "https://registry.npmjs.org/@material/base/-/base-14.0.0-canary.261f2db59.0.tgz",
      "integrity": "sha512-vy5SQt+jcwwdRFfBvtpVdpULUBujecVUKOXcopaQoi2XIzI5EBHuR4gPN0cd1yfmVEucD6p2fvVv2FJ3Ngr61w==",
      "peer": true,
      "requires": {
        "tslib": "^2.1.0"
      }
    },
    "@material/dom": {
      "version": "14.0.0-canary.261f2db59.0",
      "resolved": "https://registry.npmjs.org/@material/dom/-/dom-14.0.0-canary.261f2db59.0.tgz",
      "integrity": "sha512-iUpZG6Bb2l/PfNV2Fb/pXfG1p4Bz4PC9A7ATPlKfcU5HioObcnYVc/+Hrtaw8eu28BNIc+VVROtbfpqG/YgKSQ==",
      "peer": true,
      "requires": {
        "@material/feature-targeting": "14.0.0-canary.261f2db59.0",
        "tslib": "^2.1.0"
      }
    },
    "@material/feature-targeting": {
      "version": "14.0.0-canary.261f2db59.0",
      "resolved": "https://registry.npmjs.org/@material/feature-targeting/-/feature-targeting-14.0.0-canary.261f2db59.0.tgz",
      "integrity": "sha512-CrVoGNu0ym52OPEKy3kgeNL2oSWOCBYbYxSH3GhERxCq5FwGBN+XmK/ZDLFVQlHYy3v8x4TqVEwXviCeumNTxQ==",
      "peer": true,
      "requires": {
        "tslib": "^2.1.0"
      }
    },
    "@material/mwc-base": {
      "version": "0.25.3",
      "resolved": "https://registry.npmjs.org/@material/mwc-base/-/mwc-base-0.25.3.tgz",
      "integrity": "sha512-4wvxZ9dhPr0O4jjOHPmFyn77pafe+h1gHPlT9sbQ+ly8NY/fSn/TXn7/PbxgL8g4ZHxMvD3o7PJopg+6cbHp8Q==",
      "peer": true,
      "requires": {
        "@lit/reactive-element": "1.0.0-rc.4",
        "@material/base": "=14.0.0-canary.261f2db59.0",
        "@material/dom": "=14.0.0-canary.261f2db59.0",
        "lit": "^2.0.0",
        "tslib": "^2.0.1"
      },
      "dependencies": {
        "@lit/reactive-element": {
          "version": "1.0.0-rc.4",
          "resolved": "https://registry.npmjs.org/@lit/reactive-element/-/reactive-element-1.0.0-rc.4.tgz",
          "integrity": "sha512-dJMha+4NFYdpnUJzRrWTFV5Hdp9QHWFuPnaoqonrKl4lGJVnYez9mu8ev9F/5KM47tjAjh22DuRHrdFDHfOijA==",
          "peer": true
        }
      }
    },
    "@material/mwc-button": {
      "version": "0.25.3",
      "resolved": "https://registry.npmjs.org/@material/mwc-button/-/mwc-button-0.25.3.tgz",
      "integrity": "sha512-usHEKchj9hqetY7n0yebTz1Pk9Z+9W/sNZheFoSaiWQCv9XhtCdKkHH0MXTv8SpwxWuEKUf/XjtyvikGIcIn7w==",
      "peer": true,
      "requires": {
        "@material/mwc-icon": "^0.25.3",
        "@material/mwc-ripple": "^0.25.3",
        "lit": "^2.0.0",
        "tslib": "^2.0.1"
      }
    },
    "@material/mwc-icon": {
      "version": "0.25.3",
      "resolved": "https://registry.npmjs.org/@material/mwc-icon/-/mwc-icon-0.25.3.tgz",
      "integrity": "sha512-36076AWZIRSr8qYOLjuDDkxej/HA0XAosrj7TS1ZeLlUBnLUtbDtvc1S7KSa0hqez7ouzOqGaWK24yoNnTa2OA==",
      "peer": true,
      "requires": {
        "lit": "^2.0.0",
        "tslib": "^2.0.1"
      }
    },
    "@material/mwc-icon-button": {
      "version": "0.25.3",
      "resolved": "https://registry.npmjs.org/@material/mwc-icon-button/-/mwc-icon-button-0.25.3.tgz",
      "integrity": "sha512-FexkMpK3ZSHh7NF+PIqvVhvAbBOgFDYPck/lqnxIDC3VGJ0rjD/1MqevDy2fY6IcHGlc8Ai7VuYbdQ6Cvw8WcQ==",
      "peer": true,
      "requires": {
        "@material/mwc-ripple": "^0.25.3",
        "lit": "^2.0.0",
        "tslib": "^2.0.1"
      }
    },
    "@material/mwc-ripple": {
      "version": "0.25.3",
      "resolved": "https://registry.npmjs.org/@material/mwc-ripple/-/mwc-ripple-0.25.3.tgz",
      "integrity": "sha512-G/gt/csxgME6/sAku3GiuB0O2LLvoPWsRTLq/9iABpaGLJjqaKHvNg/IVzNDdF3YZT7EORgR9cBWWl7umA4i4Q==",
      "peer": true,
      "requires": {
        "@material/dom": "=14.0.0-canary.261f2db59.0",
        "@material/mwc-base": "^0.25.3",
        "@material/ripple": "=14.0.0-canary.261f2db59.0",
        "lit": "^2.0.0",
        "tslib": "^2.0.1"
      }
    },
    "@material/ripple": {
      "version": "14.0.0-canary.261f2db59.0",
      "resolved": "https://registry.npmjs.org/@material/ripple/-/ripple-14.0.0-canary.261f2db59.0.tgz",
      "integrity": "sha512-3FLCLj8X7KrFfuYBHJg1b7Odb3V/AW7fxk3m1i1zhDnygKmlQ/abVucH1s2qbX3Y+JIiq+5/C5407h9BFtOf+A==",
      "peer": true,
      "requires": {
        "@material/animation": "14.0.0-canary.261f2db59.0",
        "@material/base": "14.0.0-canary.261f2db59.0",
        "@material/dom": "14.0.0-canary.261f2db59.0",
        "@material/feature-targeting": "14.0.0-canary.261f2db59.0",
        "@material/rtl": "14.0.0-canary.261f2db59.0",
        "@material/theme": "14.0.0-canary.261f2db59.0",
        "tslib": "^2.1.0"
      }
    },
    "@material/rtl": {
      "version": "14.0.0-canary.261f2db59.0",
      "resolved": "https://registry.npmjs.org/@material/rtl/-/rtl-14.0.0-canary.261f2db59.0.tgz",
      "integrity": "sha512-bVnXBbUsHs57+EXdeFbcwaKy3lT/itI/qTLmJ88ar0qaGEujO1GmESHm3ioqkeo4kQpTfDhBwQGeEi1aDaTdFg==",
      "peer": true,
      "requires": {
        "@material/theme": "14.0.0-canary.261f2db59.0",
        "tslib": "^2.1.0"
      }
    },
    "@material/theme": {
      "version": "14.0.0-canary.261f2db59.0",
      "resolved": "https://registry.npmjs.org/@material/theme/-/theme-14.0.0-canary.261f2db59.0.tgz",
      "integrity": "sha512-bUqyFT0QF8Nxx02fekt3CXIfC9DEPOPdo2hjgdtvhrNP+vftbkI2tKZ5/uRUnVA+zqQAOyIl5z6FOMg4fyemCA==",
      "peer": true,
      "requires": {
        "@material/feature-targeting": "14.0.0-canary.261f2db59.0",
        "tslib": "^2.1.0"
      }
    },
    "@types/trusted-types": {
      "version": "2.0.2",
      "resolved": "https://registry.npmjs.org/@types/trusted-types/-/trusted-types-2.0.2.tgz",
      "integrity": "sha512-F5DIZ36YVLE+PN+Zwws4kJogq47hNgX3Nx6WyDJ3kcplxyke3XIzB8uK5n/Lpm1HBsbGzd6nmGehL8cPekP+Tg==",
      "peer": true
    },
    "lit": {
      "version": "2.2.0",
      "resolved": "https://registry.npmjs.org/lit/-/lit-2.2.0.tgz",
      "integrity": "sha512-FDyxUuczo6cJJY/2Bkgfh1872U4ikUvmK1Cb6+lYC1CW+QOo8CaWXCpvPKFzYsz0ojUxoruBLVrECc7VI2f1dQ==",
      "peer": true,
      "requires": {
        "@lit/reactive-element": "^1.3.0",
        "lit-element": "^3.2.0",
        "lit-html": "^2.2.0"
      }
    },
    "lit-element": {
      "version": "3.2.0",
      "resolved": "https://registry.npmjs.org/lit-element/-/lit-element-3.2.0.tgz",
      "integrity": "sha512-HbE7yt2SnUtg5DCrWt028oaU4D5F4k/1cntAFHTkzY8ZIa8N0Wmu92PxSxucsQSOXlODFrICkQ5x/tEshKi13g==",
      "peer": true,
      "requires": {
        "@lit/reactive-element": "^1.3.0",
        "lit-html": "^2.2.0"
      }
    },
    "lit-html": {
      "version": "2.2.0",
      "resolved": "https://registry.npmjs.org/lit-html/-/lit-html-2.2.0.tgz",
      "integrity": "sha512-dJnevgV8VkCuOXLWrjQopDE8nSy8CzipZ/ATfYQv7z7Dct4abblcKecf50gkIScuwCTzKvRLgvTgV0zzagW4gA==",
      "peer": true,
      "requires": {
        "@types/trusted-types": "^2.0.2"
      }
    },
    "lodash-es": {
      "version": "4.17.21",
      "resolved": "https://registry.npmjs.org/lodash-es/-/lodash-es-4.17.21.tgz",
      "integrity": "sha512-mKnC+QJ9pWVzv+C4/U3rRsHapFfHvQFoFB92e52xeyGMcX6/OlIl78je1u8vePzYZSkkogMPJ2yjxxsb89cxyw=="
    },
    "material-colors": {
      "version": "1.2.6",
      "resolved": "https://registry.npmjs.org/material-colors/-/material-colors-1.2.6.tgz",
      "integrity": "sha512-6qE4B9deFBIa9YSpOc9O0Sgc43zTeVYbgDT5veRKSlB2+ZuHNoVVxA1L/ckMUayV9Ay9y7Z/SZCLcGteW9i7bg=="
    },
    "mk-frontend-web-utils": {
      "version": "git+ssh://git@github.com/kownacki/mk-frontend-web-utils.git#d16ea825534753498d94ab205b651d95699df642",
      "from": "mk-frontend-web-utils@git+https://github.com/kownacki/mk-frontend-web-utils.git#master",
      "requires": {
        "mk-js-utils": "git+https://github.com/kownacki/mk-js-utils.git#master"
      }
    },
    "mk-js-utils": {
      "version": "git+ssh://git@github.com/kownacki/mk-js-utils.git#1281800d5717c50e5bf503f26580d2a264f6be8b",
      "from": "mk-js-utils@git+https://github.com/kownacki/mk-js-utils.git#master"
    },
    "tslib": {
      "version": "2.3.1",
      "resolved": "https://registry.npmjs.org/tslib/-/tslib-2.3.1.tgz",
      "integrity": "sha512-77EbyPPpMz+FRFRuAFlWMtmgUWGe9UOG2Z25NqCwiIjRhOf5iKGuzSe5P2w1laq+FkRy4p+PCuVkJSGkzTEKVw==",
      "peer": true
    }
  }
}
